
Microsoft Visual Studio Solution File, Format Version 12.00
# Visual Studio Version 16
VisualStudioVersion = 16.0.30011.22
MinimumVisualStudioVersion = 10.0.40219.1
Project("{FAE04EC0-301F-11D3-BF4B-00C04F79EFBC}") = "SalesWebMvc", "SalesWebMvc\SalesWebMvc.csproj", "{8FEF3C2A-302C-496B-A710-C983A0BE8813}"
EndProject
Global
	GlobalSection(SolutionConfigurationPlatforms) = preSolution
		Debug|Any CPU = Debug|Any CPU
		Release|Any CPU = Release|Any CPU
	EndGlobalSection
	GlobalSection(ProjectConfigurationPlatforms) = postSolution
		{8FEF3C2A-302C-496B-A710-C983A0BE8813}.Debug|Any CPU.ActiveCfg = Debug|Any CPU
		{8FEF3C2A-302C-496B-A710-C983A0BE8813}.Debug|Any CPU.Build.0 = Debug|Any CPU
		{8FEF3C2A-302C-496B-A710-C983A0BE8813}.Release|Any CPU.ActiveCfg = Release|Any CPU
		{8FEF3C2A-302C-496B-A710-C983A0BE8813}.Release|Any CPU.Build.0 = Release|Any CPU
	EndGlobalSection
	GlobalSection(SolutionProperties) = preSolution
		HideSolutionNode = FALSE
	EndGlobalSection
	GlobalSection(ExtensibilityGlobals) = postSolution
		SolutionGuid = {213DAAAD-7C03-4CCC-A80E-3DF8E5128EE4}
	EndGlobalSection
EndGlobal
